{"version":4,"terraform_version":"1.9.0","serial":1,"lineage":"b0fa7736-77e6-66ab-b6bf-48f7d02ddb5b","outputs":{},"resources":[{"module":"module.my_subnet","mode":"managed","type":"aws_subnet","name":"subnet","provider":"provider[\"registry.opentofu.org/hashicorp/aws\"]","instances":[{"schema_version":1,"attributes":{"arn":"arn:aws:ec2:ap-northeast-1:384447982274:subnet/subnet-0009934ed358b8b4f","assign_ipv6_address_on_creation":false,"availability_zone":"ap-northeast-1c","availability_zone_id":"apne1-az1","cidr_block":"10.1.1.0/28","customer_owned_ipv4_pool":"","enable_dns64":false,"enable_lni_at_device_index":0,"enable_resource_name_dns_a_record_on_launch":false,"enable_resource_name_dns_aaaa_record_on_launch":false,"id":"subnet-0009934ed358b8b4f","ipv6_cidr_block":"","ipv6_cidr_block_association_id":"","ipv6_native":false,"map_customer_owned_ip_on_launch":false,"map_public_ip_on_launch":false,"outpost_arn":"","owner_id":"384447982274","private_dns_hostname_type_on_launch":"ip-name","tags":{"environment":"prd"},"tags_all":{"environment":"prd"},"timeouts":null,"vpc_id":"vpc-07d89a8e9b208e575"},"sensitive_attributes":[],"private":"eyJlMmJmYjczMC1lY2FhLTExZTYtOGY4OC0zNDM2M2JjN2M0YzAiOnsiY3JlYXRlIjo2MDAwMDAwMDAwMDAsImRlbGV0ZSI6MTIwMDAwMDAwMDAwMH0sInNjaGVtYV92ZXJzaW9uIjoiMSJ9","dependencies":["module.my_vpc.aws_vpc.vpc"]}]},{"module":"module.my_vpc","mode":"managed","type":"aws_vpc","name":"vpc","provider":"provider[\"registry.opentofu.org/hashicorp/aws\"]","instances":[{"schema_version":1,"attributes":{"arn":"arn:aws:ec2:ap-northeast-1:384447982274:vpc/vpc-07d89a8e9b208e575","assign_generated_ipv6_cidr_block":false,"cidr_block":"10.1.1.0/24","default_network_acl_id":"acl-0fdc1504665180b1d","default_route_table_id":"rtb-03c6704a8fe26d000","default_security_group_id":"sg-089df1a032efb4de0","dhcp_options_id":"dopt-092f385caab23795c","enable_dns_hostnames":false,"enable_dns_support":true,"enable_network_address_usage_metrics":false,"id":"vpc-07d89a8e9b208e575","instance_tenancy":"default","ipv4_ipam_pool_id":null,"ipv4_netmask_length":null,"ipv6_association_id":"","ipv6_cidr_block":"","ipv6_cidr_block_network_border_group":"","ipv6_ipam_pool_id":"","ipv6_netmask_length":0,"main_route_table_id":"rtb-03c6704a8fe26d000","owner_id":"384447982274","tags":{"environment":"prd"},"tags_all":{"environment":"prd"}},"sensitive_attributes":[],"private":"eyJzY2hlbWFfdmVyc2lvbiI6IjEifQ=="}]}],"check_results":null}
